{
  "name": "coreui-free-bootstrap-admin-templater",
  "version": "2.1.12",
  "lockfileVersion": 1,
  "requires": true,
  "dependencies": {
    "@babel/polyfill": {
      "version": "7.4.3",
      "resolved": "https://registry.npmjs.org/@babel/polyfill/-/polyfill-7.4.3.tgz",
      "integrity": "sha512-rkv8WIvJshA5Ev8iNMGgz5WZkRtgtiPexiT7w5qevGTuT7ZBfM3de9ox1y9JR5/OXb/sWGBbWlHNa7vQKqku3Q==",
      "requires": {
        "core-js": "^2.6.5",
        "regenerator-runtime": "^0.13.2"
      }
    },
    "@coreui/coreui": {
      "version": "2.1.9",
      "resolved": "https://registry.npmjs.org/@coreui/coreui/-/coreui-2.1.9.tgz",
      "integrity": "sha512-AsGgZgH4UBivCU5M0r2hyzSO0c+YI7ZnPbQDD63F+hrCVGbz3YH+HXqGLWAhoVVjTW8haT9dDn/d8y5AUtAm6A==",
      "requires": {
        "@babel/polyfill": "^7.4.0",
        "@coreui/coreui-plugin-npm-postinstall": "^1.0.2",
        "bootstrap": "^4.3.1"
      }
    },
    "@coreui/coreui-plugin-chartjs-custom-tooltips": {
      "version": "1.2.0",
      "resolved": "https://registry.npmjs.org/@coreui/coreui-plugin-chartjs-custom-tooltips/-/coreui-plugin-chartjs-custom-tooltips-1.2.0.tgz",
      "integrity": "sha512-+dCytUJQ4xlMqlLoA9oOTCoxWEJSX9Kv+bCxSFJNqR1PvYzcpXGu/B6AO38GgLfanK0KDKe+uhf1jod7agsMJA==",
      "requires": {
        "ms": "^2.1.1"
      }
    },
    "@coreui/coreui-plugin-npm-postinstall": {
      "version": "1.0.2",
      "resolved": "https://registry.npmjs.org/@coreui/coreui-plugin-npm-postinstall/-/coreui-plugin-npm-postinstall-1.0.2.tgz",
      "integrity": "sha512-yeeoWp+bNS84nP1977Y8UCiQ9pssO+f4QuVj3i0/gYZFjjvOgxx0dnyWhtowD5sLYnCRMPlPpqyjwXze3SlkYg=="
    },
    "@coreui/icons": {
      "version": "0.3.0",
      "resolved": "https://registry.npmjs.org/@coreui/icons/-/icons-0.3.0.tgz",
      "integrity": "sha512-RbBi5K5hUA8LUI9mM/i1BTaLjlyoS6kHwKbxWsH62+/j9L9WF8gAiJUhrNjMt1br8TY9RLeolyQys0E9480fIg=="
    },
    "bootstrap": {
      "version": "4.3.1",
      "resolved": "https://registry.npmjs.org/bootstrap/-/bootstrap-4.3.1.tgz",
      "integrity": "sha512-rXqOmH1VilAt2DyPzluTi2blhk17bO7ef+zLLPlWvG494pDxcM234pJ8wTc/6R40UWizAIIMgxjvxZg5kmsbag=="
    },
    "chart.js": {
      "version": "2.7.3",
      "resolved": "https://registry.npmjs.org/chart.js/-/chart.js-2.7.3.tgz",
      "integrity": "sha512-3+7k/DbR92m6BsMUYP6M0dMsMVZpMnwkUyNSAbqolHKsbIzH2Q4LWVEHHYq7v0fmEV8whXE0DrjANulw9j2K5g==",
      "requires": {
        "chartjs-color": "^2.1.0",
        "moment": "^2.10.2"
      }
    },
    "chartjs-color": {
      "version": "2.3.0",
      "resolved": "https://registry.npmjs.org/chartjs-color/-/chartjs-color-2.3.0.tgz",
      "integrity": "sha512-hEvVheqczsoHD+fZ+tfPUE+1+RbV6b+eksp2LwAhwRTVXEjCSEavvk+Hg3H6SZfGlPh/UfmWKGIvZbtobOEm3g==",
      "requires": {
        "chartjs-color-string": "^0.6.0",
        "color-convert": "^0.5.3"
      }
    },
    "chartjs-color-string": {
      "version": "0.6.0",
      "resolved": "https://registry.npmjs.org/chartjs-color-string/-/chartjs-color-string-0.6.0.tgz",
      "integrity": "sha512-TIB5OKn1hPJvO7JcteW4WY/63v6KwEdt6udfnDE9iCAZgy+V4SrbSxoIbTw/xkUIapjEI4ExGtD0+6D3KyFd7A==",
      "requires": {
        "color-name": "^1.0.0"
      }
    },
    "color-convert": {
      "version": "0.5.3",
      "resolved": "https://registry.npmjs.org/color-convert/-/color-convert-0.5.3.tgz",
      "integrity": "sha1-vbbGnOZg+t/+CwAHzER+G59ygr0="
    },
    "color-name": {
      "version": "1.1.4",
      "resolved": "https://registry.npmjs.org/color-name/-/color-name-1.1.4.tgz",
      "integrity": "sha512-dOy+3AuW3a2wNbZHIuMZpTcgjGuLU/uBL/ubcZF9OXbDo8ff4O8yVp5Bf0efS8uEoYo5q4Fx7dY9OgQGXgAsQA=="
    },
    "core-js": {
      "version": "2.6.5",
      "resolved": "https://registry.npmjs.org/core-js/-/core-js-2.6.5.tgz",
      "integrity": "sha512-klh/kDpwX8hryYL14M9w/xei6vrv6sE8gTHDG7/T/+SEovB/G4ejwcfE/CBzO6Edsu+OETZMZ3wcX/EjUkrl5A=="
    },
    "datatables.net": {
      "version": "1.10.19",
      "resolved": "https://registry.npmjs.org/datatables.net/-/datatables.net-1.10.19.tgz",
      "integrity": "sha512-+ljXcI6Pj3PTGy5pesp3E5Dr3x3AV45EZe0o1r0gKENN2gafBKXodVnk2ypKwl2tTmivjxbkiqoWnipTefyBTA==",
      "requires": {
        "jquery": ">=1.7"
      }
    },
    "flag-icon-css": {
      "version": "3.3.0",
      "resolved": "https://registry.npmjs.org/flag-icon-css/-/flag-icon-css-3.3.0.tgz",
      "integrity": "sha512-u5lCGVExrJJRykNGd//ZrBU5Bkt0LTZJFSuG+Az/pwcHgzDeFwomwFbsgVtI1aJd6ysyHsx+5UGrA+nhSGd4yw=="
    },
    "font-awesome": {
      "version": "4.7.0",
      "resolved": "https://registry.npmjs.org/font-awesome/-/font-awesome-4.7.0.tgz",
      "integrity": "sha1-j6jPBBGhoxr9B7BtKQK7n8gVoTM="
    },
    "jquery": {
      "version": "3.4.0",
      "resolved": "https://registry.npmjs.org/jquery/-/jquery-3.4.0.tgz",
      "integrity": "sha512-ggRCXln9zEqv6OqAGXFEcshF5dSBvCkzj6Gm2gzuR5fWawaX8t7cxKVkkygKODrDAzKdoYw3l/e3pm3vlT4IbQ=="
    },
    "moment": {
      "version": "2.24.0",
      "resolved": "https://registry.npmjs.org/moment/-/moment-2.24.0.tgz",
      "integrity": "sha512-bV7f+6l2QigeBBZSM/6yTNq4P2fNpSWj/0e7jQcy87A8e7o2nAfP/34/2ky5Vw4B9S446EtIhodAzkFCcR4dQg=="
    },
    "ms": {
      "version": "2.1.1",
      "resolved": "https://registry.npmjs.org/ms/-/ms-2.1.1.tgz",
      "integrity": "sha512-tgp+dl5cGk28utYktBsrFqA7HKgrhgPsg6Z/EfhWI4gl1Hwq8B/GmY/0oXZ6nF8hDVesS/FpnYaD/kOWhYQvyg=="
    },
    "pace-progress": {
      "version": "1.0.2",
      "resolved": "https://registry.npmjs.org/pace-progress/-/pace-progress-1.0.2.tgz",
      "integrity": "sha1-/cVlxX3ZFyWjFns2C/JXjTw7VI0="
    },
    "perfect-scrollbar": {
      "version": "1.4.0",
      "resolved": "https://registry.npmjs.org/perfect-scrollbar/-/perfect-scrollbar-1.4.0.tgz",
      "integrity": "sha512-/2Sk/khljhdrsamjJYS5NjrH+GKEHEwh7zFSiYyxROyYKagkE4kSn2zDQDRTOMo8mpT2jikxx6yI1dG7lNP/hw=="
    },
    "popper.js": {
      "version": "1.15.0",
      "resolved": "https://registry.npmjs.org/popper.js/-/popper.js-1.15.0.tgz",
      "integrity": "sha512-w010cY1oCUmI+9KwwlWki+r5jxKfTFDVoadl7MSrIujHU5MJ5OR6HTDj6Xo8aoR/QsA56x8jKjA59qGH4ELtrA=="
    },
    "regenerator-runtime": {
      "version": "0.13.2",
      "resolved": "https://registry.npmjs.org/regenerator-runtime/-/regenerator-runtime-0.13.2.tgz",
      "integrity": "sha512-S/TQAZJO+D3m9xeN1WTI8dLKBBiRgXBlTJvbWjCThHWZj9EvHK70Ff50/tYj2J/fvBY6JtFVwRuazHN2E7M9BA=="
    },
    "simple-line-icons": {
      "version": "2.4.1",
      "resolved": "https://registry.npmjs.org/simple-line-icons/-/simple-line-icons-2.4.1.tgz",
      "integrity": "sha1-t1vFoNh+UwkowszaVzUnS7JW8jQ="
    }
  }
}
